PODS:
  - Capacitor (7.0.1):
    - CapacitorCordova
  - CapacitorApp (7.0.0):
    - Capacitor
  - CapacitorBrowser (7.0.0):
    - Capacitor
  - CapacitorCordova (7.0.1)
  - CapacitorFilesystem (7.0.0):
    - Capacitor
  - CapacitorHaptics (7.0.0):
    - Capacitor
  - CapacitorKeyboard (7.0.0):
    - Capacitor
  - CapacitorStatusBar (7.0.0):
    - Capacitor

DEPENDENCIES:
  - "Capacitor (from `../../node_modules/@capacitor/ios`)"
  - "CapacitorApp (from `../../node_modules/@capacitor/app`)"
  - "CapacitorBrowser (from `../../node_modules/@capacitor/browser`)"
  - "CapacitorCordova (from `../../node_modules/@capacitor/ios`)"
  - "CapacitorFilesystem (from `../../node_modules/@capacitor/filesystem`)"
  - "CapacitorHaptics (from `../../node_modules/@capacitor/haptics`)"
  - "CapacitorKeyboard (from `../../node_modules/@capacitor/keyboard`)"
  - "CapacitorStatusBar (from `../../node_modules/@capacitor/status-bar`)"

EXTERNAL SOURCES:
  Capacitor:
    :path: "../../node_modules/@capacitor/ios"
  CapacitorApp:
    :path: "../../node_modules/@capacitor/app"
  CapacitorBrowser:
    :path: "../../node_modules/@capacitor/browser"
  CapacitorCordova:
    :path: "../../node_modules/@capacitor/ios"
  CapacitorFilesystem:
    :path: "../../node_modules/@capacitor/filesystem"
  CapacitorHaptics:
    :path: "../../node_modules/@capacitor/haptics"
  CapacitorKeyboard:
    :path: "../../node_modules/@capacitor/keyboard"
  CapacitorStatusBar:
    :path: "../../node_modules/@capacitor/status-bar"

SPEC CHECKSUMS:
  Capacitor: 23fff43571a4d1e3ee7d67b5a3588c6e757c2913
  CapacitorApp: 45cb7cbef4aa380b9236fd6980033eb5cde6fcd2
  CapacitorBrowser: 352a66541b15ceadae1d703802b11979023705e3
  CapacitorCordova: 63d476958d5022d76f197031e8b7ea3519988c64
  CapacitorFilesystem: 2881ad012b5c8d0ffbfed1216aadfc2cca16d5b5
  CapacitorHaptics: 1fba3e460e7614349c6d5f868b1fccdc5c87b66d
  CapacitorKeyboard: 2c26c6fccde35023c579fc37d4cae6326d5e6343
  CapacitorStatusBar: 438e90beeeefa8276b24e6c5991cb02dd13e51bf

PODFILE CHECKSUM: cc0256288b83854d94a4e618e054967f31494a81

COCOAPODS: 1.16.2
